
Microsoft Visual Studio Solution File, Format Version 12.00
# Visual Studio Version 17
VisualStudioVersion = 17.6.33723.286
MinimumVisualStudioVersion = 10.0.40219.1
Project("{9A19103F-16F7-4668-BE54-9A1E7A4F7556}") = "sample", "sample.csproj", "{ECD5998E-88E6-44FC-8C5D-20971F1D716B}"
EndProject
Project("{FAE04EC0-301F-11D3-BF4B-00C04F79EFBC}") = "sampleTests", "..\sampleTests\sampleTests.csproj", "{97575D1C-FA88-4679-B408-403C7519B7A6}"
EndProject
Global
	GlobalSection(SolutionConfigurationPlatforms) = preSolution
		Debug|Any CPU = Debug|Any CPU
		Release|Any CPU = Release|Any CPU
	EndGlobalSection
	GlobalSection(ProjectConfigurationPlatforms) = postSolution
		{ECD5998E-88E6-44FC-8C5D-20971F1D716B}.Debug|Any CPU.ActiveCfg = Debug|Any CPU
		{ECD5998E-88E6-44FC-8C5D-20971F1D716B}.Debug|Any CPU.Build.0 = Debug|Any CPU
		{ECD5998E-88E6-44FC-8C5D-20971F1D716B}.Release|Any CPU.ActiveCfg = Release|Any CPU
		{ECD5998E-88E6-44FC-8C5D-20971F1D716B}.Release|Any CPU.Build.0 = Release|Any CPU
		{97575D1C-FA88-4679-B408-403C7519B7A6}.Debug|Any CPU.ActiveCfg = Debug|Any CPU
		{97575D1C-FA88-4679-B408-403C7519B7A6}.Debug|Any CPU.Build.0 = Debug|Any CPU
		{97575D1C-FA88-4679-B408-403C7519B7A6}.Release|Any CPU.ActiveCfg = Release|Any CPU
		{97575D1C-FA88-4679-B408-403C7519B7A6}.Release|Any CPU.Build.0 = Release|Any CPU
	EndGlobalSection
	GlobalSection(SolutionProperties) = preSolution
		HideSolutionNode = FALSE
	EndGlobalSection
	GlobalSection(ExtensibilityGlobals) = postSolution
		SolutionGuid = {D73EEE45-F081-4311-8B91-45C9E76FB29F}
	EndGlobalSection
EndGlobal
